
Microsoft Visual Studio Solution File, Format Version 12.00
# Visual Studio Version 17
VisualStudioVersion = 17.8.34330.188
MinimumVisualStudioVersion = 10.0.40219.1
Project("{FAE04EC0-301F-11D3-BF4B-00C04F79EFBC}") = "RollDice", "RollDice.csproj", "{FA160EE1-BF6D-4CA9-AE39-4FB55A83594F}"
EndProject
Global
	GlobalSection(SolutionConfigurationPlatforms) = preSolution
		Debug|Any CPU = Debug|Any CPU
		Release|Any CPU = Release|Any CPU
	EndGlobalSection
	GlobalSection(ProjectConfigurationPlatforms) = postSolution
		{FA160EE1-BF6D-4CA9-AE39-4FB55A83594F}.Debug|Any CPU.ActiveCfg = Debug|Any CPU
		{FA160EE1-BF6D-4CA9-AE39-4FB55A83594F}.Debug|Any CPU.Build.0 = Debug|Any CPU
		{FA160EE1-BF6D-4CA9-AE39-4FB55A83594F}.Release|Any CPU.ActiveCfg = Release|Any CPU
		{FA160EE1-BF6D-4CA9-AE39-4FB55A83594F}.Release|Any CPU.Build.0 = Release|Any CPU
	EndGlobalSection
	GlobalSection(SolutionProperties) = preSolution
		HideSolutionNode = FALSE
	EndGlobalSection
	GlobalSection(ExtensibilityGlobals) = postSolution
		SolutionGuid = {4C528E28-BD8C-4394-A1FE-943618B8EB33}
	EndGlobalSection
EndGlobal
